
Microsoft Visual Studio Solution File, Format Version 12.00
# Visual Studio Version 17
VisualStudioVersion = 17.13.35828.75 d17.13
MinimumVisualStudioVersion = 10.0.40219.1
Project("{FAE04EC0-301F-11D3-BF4B-00C04F79EFBC}") = "ARK.Core.Api", "ARK.Core.Api.csproj", "{A6A0BE87-2506-4383-BE76-F73B500D4501}"
EndProject
Global
	GlobalSection(SolutionConfigurationPlatforms) = preSolution
		Debug|Any CPU = Debug|Any CPU
		Release|Any CPU = Release|Any CPU
	EndGlobalSection
	GlobalSection(ProjectConfigurationPlatforms) = postSolution
		{A6A0BE87-2506-4383-BE76-F73B500D4501}.Debug|Any CPU.ActiveCfg = Debug|Any CPU
		{A6A0BE87-2506-4383-BE76-F73B500D4501}.Debug|Any CPU.Build.0 = Debug|Any CPU
		{A6A0BE87-2506-4383-BE76-F73B500D4501}.Release|Any CPU.ActiveCfg = Release|Any CPU
		{A6A0BE87-2506-4383-BE76-F73B500D4501}.Release|Any CPU.Build.0 = Release|Any CPU
	EndGlobalSection
	GlobalSection(SolutionProperties) = preSolution
		HideSolutionNode = FALSE
	EndGlobalSection
	GlobalSection(ExtensibilityGlobals) = postSolution
		SolutionGuid = {C89EEA29-6E0F-491C-A673-01B00A745CE2}
	EndGlobalSection
EndGlobal
